
Microsoft Visual Studio Solution File, Format Version 12.00
# Visual Studio Version 16
VisualStudioVersion = 16.0.30517.126
MinimumVisualStudioVersion = 10.0.40219.1
Project("{FAE04EC0-301F-11D3-BF4B-00C04F79EFBC}") = "ApiLab", "ApiLab\ApiLab.csproj", "{9DEFCC54-CB90-4C17-88AF-99C8E0285789}"
EndProject
Project("{FAE04EC0-301F-11D3-BF4B-00C04F79EFBC}") = "ApiTests", "ApiTests\ApiTests.csproj", "{2942B2AF-0B22-4BAE-9C4B-6658BF2C7A52}"
	ProjectSection(ProjectDependencies) = postProject
		{9DEFCC54-CB90-4C17-88AF-99C8E0285789} = {9DEFCC54-CB90-4C17-88AF-99C8E0285789}
	EndProjectSection
EndProject
Global
	GlobalSection(SolutionConfigurationPlatforms) = preSolution
		Debug|Any CPU = Debug|Any CPU
		Release|Any CPU = Release|Any CPU
	EndGlobalSection
	GlobalSection(ProjectConfigurationPlatforms) = postSolution
		{9DEFCC54-CB90-4C17-88AF-99C8E0285789}.Debug|Any CPU.ActiveCfg = Debug|Any CPU
		{9DEFCC54-CB90-4C17-88AF-99C8E0285789}.Debug|Any CPU.Build.0 = Debug|Any CPU
		{9DEFCC54-CB90-4C17-88AF-99C8E0285789}.Release|Any CPU.ActiveCfg = Release|Any CPU
		{9DEFCC54-CB90-4C17-88AF-99C8E0285789}.Release|Any CPU.Build.0 = Release|Any CPU
		{2942B2AF-0B22-4BAE-9C4B-6658BF2C7A52}.Debug|Any CPU.ActiveCfg = Debug|Any CPU
		{2942B2AF-0B22-4BAE-9C4B-6658BF2C7A52}.Debug|Any CPU.Build.0 = Debug|Any CPU
		{2942B2AF-0B22-4BAE-9C4B-6658BF2C7A52}.Release|Any CPU.ActiveCfg = Release|Any CPU
		{2942B2AF-0B22-4BAE-9C4B-6658BF2C7A52}.Release|Any CPU.Build.0 = Release|Any CPU
	EndGlobalSection
	GlobalSection(SolutionProperties) = preSolution
		HideSolutionNode = FALSE
	EndGlobalSection
	GlobalSection(ExtensibilityGlobals) = postSolution
		SolutionGuid = {33C3F129-AFA9-47CB-BDCA-C0C73A624CF9}
	EndGlobalSection
EndGlobal
